
Microsoft Visual Studio Solution File, Format Version 12.00
# Visual Studio Version 17
VisualStudioVersion = 17.3.32825.248
MinimumVisualStudioVersion = 10.0.40219.1
Project("{FAE04EC0-301F-11D3-BF4B-00C04F79EFBC}") = "Solid.API", "Solid.API\Solid.API.csproj", "{58E502F8-E63A-43C6-9BD4-0B9FF05E4403}"
EndProject
Project("{FAE04EC0-301F-11D3-BF4B-00C04F79EFBC}") = "Solid.Core", "Solid.core\Solid.Core.csproj", "{912FD1E5-139F-4006-BDAD-E510EA2DC329}"
EndProject
Project("{FAE04EC0-301F-11D3-BF4B-00C04F79EFBC}") = "Solid.Data", "Solid.Data\Solid.Data.csproj", "{C0D98DF4-B4A8-4824-B6E2-71F3794D4A85}"
EndProject
Project("{FAE04EC0-301F-11D3-BF4B-00C04F79EFBC}") = "Solid.Service", "Solid.Service\Solid.Service.csproj", "{AFC89777-0830-47FF-BD4F-3E02C639EA13}"
EndProject
Global
	GlobalSection(SolutionConfigurationPlatforms) = preSolution
		Debug|Any CPU = Debug|Any CPU
		Release|Any CPU = Release|Any CPU
	EndGlobalSection
	GlobalSection(ProjectConfigurationPlatforms) = postSolution
		{58E502F8-E63A-43C6-9BD4-0B9FF05E4403}.Debug|Any CPU.ActiveCfg = Debug|Any CPU
		{58E502F8-E63A-43C6-9BD4-0B9FF05E4403}.Debug|Any CPU.Build.0 = Debug|Any CPU
		{58E502F8-E63A-43C6-9BD4-0B9FF05E4403}.Release|Any CPU.ActiveCfg = Release|Any CPU
		{58E502F8-E63A-43C6-9BD4-0B9FF05E4403}.Release|Any CPU.Build.0 = Release|Any CPU
		{912FD1E5-139F-4006-BDAD-E510EA2DC329}.Debug|Any CPU.ActiveCfg = Debug|Any CPU
		{912FD1E5-139F-4006-BDAD-E510EA2DC329}.Debug|Any CPU.Build.0 = Debug|Any CPU
		{912FD1E5-139F-4006-BDAD-E510EA2DC329}.Release|Any CPU.ActiveCfg = Release|Any CPU
		{912FD1E5-139F-4006-BDAD-E510EA2DC329}.Release|Any CPU.Build.0 = Release|Any CPU
		{C0D98DF4-B4A8-4824-B6E2-71F3794D4A85}.Debug|Any CPU.ActiveCfg = Debug|Any CPU
		{C0D98DF4-B4A8-4824-B6E2-71F3794D4A85}.Debug|Any CPU.Build.0 = Debug|Any CPU
		{C0D98DF4-B4A8-4824-B6E2-71F3794D4A85}.Release|Any CPU.ActiveCfg = Release|Any CPU
		{C0D98DF4-B4A8-4824-B6E2-71F3794D4A85}.Release|Any CPU.Build.0 = Release|Any CPU
		{AFC89777-0830-47FF-BD4F-3E02C639EA13}.Debug|Any CPU.ActiveCfg = Debug|Any CPU
		{AFC89777-0830-47FF-BD4F-3E02C639EA13}.Debug|Any CPU.Build.0 = Debug|Any CPU
		{AFC89777-0830-47FF-BD4F-3E02C639EA13}.Release|Any CPU.ActiveCfg = Release|Any CPU
		{AFC89777-0830-47FF-BD4F-3E02C639EA13}.Release|Any CPU.Build.0 = Release|Any CPU
	EndGlobalSection
	GlobalSection(SolutionProperties) = preSolution
		HideSolutionNode = FALSE
	EndGlobalSection
	GlobalSection(ExtensibilityGlobals) = postSolution
		SolutionGuid = {10EF1614-B3E6-4D16-8F4A-60D7ABB69327}
	EndGlobalSection
EndGlobal
